
Microsoft Visual Studio Solution File, Format Version 12.00
# Visual Studio Version 16
VisualStudioVersion = 16.0.31515.178
MinimumVisualStudioVersion = 10.0.40219.1
Project("{FAE04EC0-301F-11D3-BF4B-00C04F79EFBC}") = "Personel_Kayit_Projesi", "Personel_Kayit_Projesi\Personel_Kayit_Projesi.csproj", "{A5884FCD-03E1-4E45-8977-5B2F00C5330D}"
EndProject
Global
	GlobalSection(SolutionConfigurationPlatforms) = preSolution
		Debug|Any CPU = Debug|Any CPU
		Release|Any CPU = Release|Any CPU
	EndGlobalSection
	GlobalSection(ProjectConfigurationPlatforms) = postSolution
		{A5884FCD-03E1-4E45-8977-5B2F00C5330D}.Debug|Any CPU.ActiveCfg = Debug|Any CPU
		{A5884FCD-03E1-4E45-8977-5B2F00C5330D}.Debug|Any CPU.Build.0 = Debug|Any CPU
		{A5884FCD-03E1-4E45-8977-5B2F00C5330D}.Release|Any CPU.ActiveCfg = Release|Any CPU
		{A5884FCD-03E1-4E45-8977-5B2F00C5330D}.Release|Any CPU.Build.0 = Release|Any CPU
	EndGlobalSection
	GlobalSection(SolutionProperties) = preSolution
		HideSolutionNode = FALSE
	EndGlobalSection
	GlobalSection(ExtensibilityGlobals) = postSolution
		SolutionGuid = {87240F6D-8250-486D-A7CA-87A36C45944C}
	EndGlobalSection
EndGlobal
